
Microsoft Visual Studio Solution File, Format Version 12.00
# Visual Studio Version 17
VisualStudioVersion = 17.5.33424.131
MinimumVisualStudioVersion = 10.0.40219.1
Project("{FAE04EC0-301F-11D3-BF4B-00C04F79EFBC}") = "MathQuizIXD", "MathQuizIXD\MathQuizIXD.csproj", "{879F9BB6-DA23-4082-9D92-269B50DF15C6}"
EndProject
Global
	GlobalSection(SolutionConfigurationPlatforms) = preSolution
		Debug|Any CPU = Debug|Any CPU
		Release|Any CPU = Release|Any CPU
	EndGlobalSection
	GlobalSection(ProjectConfigurationPlatforms) = postSolution
		{879F9BB6-DA23-4082-9D92-269B50DF15C6}.Debug|Any CPU.ActiveCfg = Debug|Any CPU
		{879F9BB6-DA23-4082-9D92-269B50DF15C6}.Debug|Any CPU.Build.0 = Debug|Any CPU
		{879F9BB6-DA23-4082-9D92-269B50DF15C6}.Release|Any CPU.ActiveCfg = Release|Any CPU
		{879F9BB6-DA23-4082-9D92-269B50DF15C6}.Release|Any CPU.Build.0 = Release|Any CPU
	EndGlobalSection
	GlobalSection(SolutionProperties) = preSolution
		HideSolutionNode = FALSE
	EndGlobalSection
	GlobalSection(ExtensibilityGlobals) = postSolution
		SolutionGuid = {08A077DB-D5B7-406E-B6E1-B343434B6381}
	EndGlobalSection
EndGlobal
